
Microsoft Visual Studio Solution File, Format Version 12.00
# Visual Studio 15
VisualStudioVersion = 15.0.28307.960
MinimumVisualStudioVersion = 10.0.40219.1
Project("{FAE04EC0-301F-11D3-BF4B-00C04F79EFBC}") = "Senai.Peoples.WebApi", "Senai.Peoples.WebApi\Senai.Peoples.WebApi.csproj", "{C2998465-E652-42CB-AF79-110835F65693}"
EndProject
Global
	GlobalSection(SolutionConfigurationPlatforms) = preSolution
		Debug|Any CPU = Debug|Any CPU
		Release|Any CPU = Release|Any CPU
	EndGlobalSection
	GlobalSection(ProjectConfigurationPlatforms) = postSolution
		{C2998465-E652-42CB-AF79-110835F65693}.Debug|Any CPU.ActiveCfg = Debug|Any CPU
		{C2998465-E652-42CB-AF79-110835F65693}.Debug|Any CPU.Build.0 = Debug|Any CPU
		{C2998465-E652-42CB-AF79-110835F65693}.Release|Any CPU.ActiveCfg = Release|Any CPU
		{C2998465-E652-42CB-AF79-110835F65693}.Release|Any CPU.Build.0 = Release|Any CPU
	EndGlobalSection
	GlobalSection(SolutionProperties) = preSolution
		HideSolutionNode = FALSE
	EndGlobalSection
	GlobalSection(ExtensibilityGlobals) = postSolution
		SolutionGuid = {BDC1222F-D8EA-465B-8B28-9E30BBE00874}
	EndGlobalSection
EndGlobal
